
Microsoft Visual Studio Solution File, Format Version 12.00
# Visual Studio Version 17
VisualStudioVersion = 17.9.34728.123
MinimumVisualStudioVersion = 10.0.40219.1
Project("{FAE04EC0-301F-11D3-BF4B-00C04F79EFBC}") = "WhiteLagoon.Web", "WhiteLagoon.Web\WhiteLagoon.Web.csproj", "{F4036DA6-345E-4266-A6A0-0BBD76C407C9}"
EndProject
Global
	GlobalSection(SolutionConfigurationPlatforms) = preSolution
		Debug|Any CPU = Debug|Any CPU
		Release|Any CPU = Release|Any CPU
	EndGlobalSection
	GlobalSection(ProjectConfigurationPlatforms) = postSolution
		{F4036DA6-345E-4266-A6A0-0BBD76C407C9}.Debug|Any CPU.ActiveCfg = Debug|Any CPU
		{F4036DA6-345E-4266-A6A0-0BBD76C407C9}.Debug|Any CPU.Build.0 = Debug|Any CPU
		{F4036DA6-345E-4266-A6A0-0BBD76C407C9}.Release|Any CPU.ActiveCfg = Release|Any CPU
		{F4036DA6-345E-4266-A6A0-0BBD76C407C9}.Release|Any CPU.Build.0 = Release|Any CPU
	EndGlobalSection
	GlobalSection(SolutionProperties) = preSolution
		HideSolutionNode = FALSE
	EndGlobalSection
	GlobalSection(ExtensibilityGlobals) = postSolution
		SolutionGuid = {7EDDEC03-91E9-4CD1-B1A3-41E0E4C1A699}
	EndGlobalSection
EndGlobal
